
Microsoft Visual Studio Solution File, Format Version 12.00
# Visual Studio Version 17
VisualStudioVersion = 17.2.32516.85
MinimumVisualStudioVersion = 10.0.40219.1
Project("{FAE04EC0-301F-11D3-BF4B-00C04F79EFBC}") = "Exercicio4_ContadorFor_PauloAraujo", "Exercicio4_ContadorFor_PauloAraujo.csproj", "{E34A3A8A-C02D-4C7F-A47B-8D1D4D89026A}"
EndProject
Global
	GlobalSection(SolutionConfigurationPlatforms) = preSolution
		Debug|Any CPU = Debug|Any CPU
		Release|Any CPU = Release|Any CPU
	EndGlobalSection
	GlobalSection(ProjectConfigurationPlatforms) = postSolution
		{E34A3A8A-C02D-4C7F-A47B-8D1D4D89026A}.Debug|Any CPU.ActiveCfg = Debug|Any CPU
		{E34A3A8A-C02D-4C7F-A47B-8D1D4D89026A}.Debug|Any CPU.Build.0 = Debug|Any CPU
		{E34A3A8A-C02D-4C7F-A47B-8D1D4D89026A}.Release|Any CPU.ActiveCfg = Release|Any CPU
		{E34A3A8A-C02D-4C7F-A47B-8D1D4D89026A}.Release|Any CPU.Build.0 = Release|Any CPU
	EndGlobalSection
	GlobalSection(SolutionProperties) = preSolution
		HideSolutionNode = FALSE
	EndGlobalSection
	GlobalSection(ExtensibilityGlobals) = postSolution
		SolutionGuid = {DF0C4E68-571F-4299-9D76-D7622040F2D7}
	EndGlobalSection
EndGlobal
